
Microsoft Visual Studio Solution File, Format Version 12.00
# Visual Studio 2012
Project("{FAE04EC0-301F-11D3-BF4B-00C04F79EFBC}") = "SocksProxy", "SocksProxy\SocksProxy.csproj", "{C374EB5C-5328-4051-A584-D6D46BA62FB2}"
EndProject
Project("{FAE04EC0-301F-11D3-BF4B-00C04F79EFBC}") = "SocksProxyCli", "SocksProxyCli\SocksProxyCli.csproj", "{57CE6965-3B4E-4063-B469-CD8AE4B6F708}"
EndProject
Global
	GlobalSection(SolutionConfigurationPlatforms) = preSolution
		Debug|Any CPU = Debug|Any CPU
		Release|Any CPU = Release|Any CPU
	EndGlobalSection
	GlobalSection(ProjectConfigurationPlatforms) = postSolution
		{C374EB5C-5328-4051-A584-D6D46BA62FB2}.Debug|Any CPU.ActiveCfg = Debug|Any CPU
		{C374EB5C-5328-4051-A584-D6D46BA62FB2}.Debug|Any CPU.Build.0 = Debug|Any CPU
		{C374EB5C-5328-4051-A584-D6D46BA62FB2}.Release|Any CPU.ActiveCfg = Release|Any CPU
		{C374EB5C-5328-4051-A584-D6D46BA62FB2}.Release|Any CPU.Build.0 = Release|Any CPU
		{57CE6965-3B4E-4063-B469-CD8AE4B6F708}.Debug|Any CPU.ActiveCfg = Debug|Any CPU
		{57CE6965-3B4E-4063-B469-CD8AE4B6F708}.Debug|Any CPU.Build.0 = Debug|Any CPU
		{57CE6965-3B4E-4063-B469-CD8AE4B6F708}.Release|Any CPU.ActiveCfg = Release|Any CPU
		{57CE6965-3B4E-4063-B469-CD8AE4B6F708}.Release|Any CPU.Build.0 = Release|Any CPU
	EndGlobalSection
	GlobalSection(SolutionProperties) = preSolution
		HideSolutionNode = FALSE
	EndGlobalSection
EndGlobal
